
Microsoft Visual Studio Solution File, Format Version 12.00
# Visual Studio Version 16
VisualStudioVersion = 16.0.31702.278
MinimumVisualStudioVersion = 10.0.40219.1
Project("{FAE04EC0-301F-11D3-BF4B-00C04F79EFBC}") = "FirstConsoleApp_017", "FirstConsoleApp_017\FirstConsoleApp_017.csproj", "{B4A92BAC-1045-4BE3-84C5-1BB9AEB9EB27}"
EndProject
Global
	GlobalSection(SolutionConfigurationPlatforms) = preSolution
		Debug|Any CPU = Debug|Any CPU
		Release|Any CPU = Release|Any CPU
	EndGlobalSection
	GlobalSection(ProjectConfigurationPlatforms) = postSolution
		{B4A92BAC-1045-4BE3-84C5-1BB9AEB9EB27}.Debug|Any CPU.ActiveCfg = Debug|Any CPU
		{B4A92BAC-1045-4BE3-84C5-1BB9AEB9EB27}.Debug|Any CPU.Build.0 = Debug|Any CPU
		{B4A92BAC-1045-4BE3-84C5-1BB9AEB9EB27}.Release|Any CPU.ActiveCfg = Release|Any CPU
		{B4A92BAC-1045-4BE3-84C5-1BB9AEB9EB27}.Release|Any CPU.Build.0 = Release|Any CPU
	EndGlobalSection
	GlobalSection(SolutionProperties) = preSolution
		HideSolutionNode = FALSE
	EndGlobalSection
	GlobalSection(ExtensibilityGlobals) = postSolution
		SolutionGuid = {FE9A9E5F-7071-4458-AF04-ADFCF07D3B69}
	EndGlobalSection
EndGlobal
